
Microsoft Visual Studio Solution File, Format Version 12.00
# Visual Studio Version 17
VisualStudioVersion = 17.10.35027.167
MinimumVisualStudioVersion = 10.0.40219.1
Project("{9A19103F-16F7-4668-BE54-9A1E7A4F7556}") = "VoraciousEBookReader.Gutenberg", "VoraciousEBookReader.Gutenberg\VoraciousEBookReader.Gutenberg.csproj", "{D90A18C4-9DF7-49AE-935E-5AECC036397C}"
EndProject
Project("{9A19103F-16F7-4668-BE54-9A1E7A4F7556}") = "VoraciousEBookReader.EBookReader", "VoraciousEBookReader.EBookReader\VoraciousEBookReader.EBookReader.csproj", "{43B5D9DD-84BD-46EC-A4AC-C22AF40D5856}"
EndProject
Project("{9A19103F-16F7-4668-BE54-9A1E7A4F7556}") = "VoraciousEBookReader.Database", "VoraciousEBookReader.Database\VoraciousEBookReader.Database.csproj", "{9DAEE9E5-B58A-41C7-8D9A-2EEA86637E36}"
EndProject
Project("{2150E333-8FDC-42A3-9474-1A3956D46DE8}") = "Tests", "Tests", "{A7090388-E048-448F-BD68-060266D2B2D8}"
EndProject
Project("{9A19103F-16F7-4668-BE54-9A1E7A4F7556}") = "VoraciousEBookReader.Tests", "Tests\VoraciousEBookReader.Tests\VoraciousEBookReader.Tests.csproj", "{4754BBBD-8592-4098-A7A4-603C83CFE43E}"
EndProject
Project("{9A19103F-16F7-4668-BE54-9A1E7A4F7556}") = "VoraciousEBookReader.EPUB", "VoraciousEBookReader.EPUB\VoraciousEBookReader.EPUB.csproj", "{0EAAA877-5CE2-4E0B-B9CC-FF5B320E8A57}"
EndProject
Global
	GlobalSection(SolutionConfigurationPlatforms) = preSolution
		Debug|Any CPU = Debug|Any CPU
		Debug|ARM = Debug|ARM
		Debug|ARM64 = Debug|ARM64
		Debug|x64 = Debug|x64
		Debug|x86 = Debug|x86
		Release|Any CPU = Release|Any CPU
		Release|ARM = Release|ARM
		Release|ARM64 = Release|ARM64
		Release|x64 = Release|x64
		Release|x86 = Release|x86
	EndGlobalSection
	GlobalSection(ProjectConfigurationPlatforms) = postSolution
		{D90A18C4-9DF7-49AE-935E-5AECC036397C}.Debug|Any CPU.ActiveCfg = Debug|Any CPU
		{D90A18C4-9DF7-49AE-935E-5AECC036397C}.Debug|Any CPU.Build.0 = Debug|Any CPU
		{D90A18C4-9DF7-49AE-935E-5AECC036397C}.Debug|ARM.ActiveCfg = Debug|Any CPU
		{D90A18C4-9DF7-49AE-935E-5AECC036397C}.Debug|ARM.Build.0 = Debug|Any CPU
		{D90A18C4-9DF7-49AE-935E-5AECC036397C}.Debug|ARM64.ActiveCfg = Debug|Any CPU
		{D90A18C4-9DF7-49AE-935E-5AECC036397C}.Debug|ARM64.Build.0 = Debug|Any CPU
		{D90A18C4-9DF7-49AE-935E-5AECC036397C}.Debug|x64.ActiveCfg = Debug|Any CPU
		{D90A18C4-9DF7-49AE-935E-5AECC036397C}.Debug|x64.Build.0 = Debug|Any CPU
		{D90A18C4-9DF7-49AE-935E-5AECC036397C}.Debug|x86.ActiveCfg = Debug|Any CPU
		{D90A18C4-9DF7-49AE-935E-5AECC036397C}.Debug|x86.Build.0 = Debug|Any CPU
		{D90A18C4-9DF7-49AE-935E-5AECC036397C}.Release|Any CPU.ActiveCfg = Release|Any CPU
		{D90A18C4-9DF7-49AE-935E-5AECC036397C}.Release|Any CPU.Build.0 = Release|Any CPU
		{D90A18C4-9DF7-49AE-935E-5AECC036397C}.Release|ARM.ActiveCfg = Release|Any CPU
		{D90A18C4-9DF7-49AE-935E-5AECC036397C}.Release|ARM.Build.0 = Release|Any CPU
		{D90A18C4-9DF7-49AE-935E-5AECC036397C}.Release|ARM64.ActiveCfg = Release|Any CPU
		{D90A18C4-9DF7-49AE-935E-5AECC036397C}.Release|ARM64.Build.0 = Release|Any CPU
		{D90A18C4-9DF7-49AE-935E-5AECC036397C}.Release|x64.ActiveCfg = Release|Any CPU
		{D90A18C4-9DF7-49AE-935E-5AECC036397C}.Release|x64.Build.0 = Release|Any CPU
		{D90A18C4-9DF7-49AE-935E-5AECC036397C}.Release|x86.ActiveCfg = Release|Any CPU
		{D90A18C4-9DF7-49AE-935E-5AECC036397C}.Release|x86.Build.0 = Release|Any CPU
		{43B5D9DD-84BD-46EC-A4AC-C22AF40D5856}.Debug|Any CPU.ActiveCfg = Debug|Any CPU
		{43B5D9DD-84BD-46EC-A4AC-C22AF40D5856}.Debug|Any CPU.Build.0 = Debug|Any CPU
		{43B5D9DD-84BD-46EC-A4AC-C22AF40D5856}.Debug|Any CPU.Deploy.0 = Debug|Any CPU
		{43B5D9DD-84BD-46EC-A4AC-C22AF40D5856}.Debug|ARM.ActiveCfg = Debug|Any CPU
		{43B5D9DD-84BD-46EC-A4AC-C22AF40D5856}.Debug|ARM.Build.0 = Debug|Any CPU
		{43B5D9DD-84BD-46EC-A4AC-C22AF40D5856}.Debug|ARM.Deploy.0 = Debug|Any CPU
		{43B5D9DD-84BD-46EC-A4AC-C22AF40D5856}.Debug|ARM64.ActiveCfg = Debug|Any CPU
		{43B5D9DD-84BD-46EC-A4AC-C22AF40D5856}.Debug|ARM64.Build.0 = Debug|Any CPU
		{43B5D9DD-84BD-46EC-A4AC-C22AF40D5856}.Debug|ARM64.Deploy.0 = Debug|Any CPU
		{43B5D9DD-84BD-46EC-A4AC-C22AF40D5856}.Debug|x64.ActiveCfg = Debug|Any CPU
		{43B5D9DD-84BD-46EC-A4AC-C22AF40D5856}.Debug|x64.Build.0 = Debug|Any CPU
		{43B5D9DD-84BD-46EC-A4AC-C22AF40D5856}.Debug|x64.Deploy.0 = Debug|Any CPU
		{43B5D9DD-84BD-46EC-A4AC-C22AF40D5856}.Debug|x86.ActiveCfg = Debug|Any CPU
		{43B5D9DD-84BD-46EC-A4AC-C22AF40D5856}.Debug|x86.Build.0 = Debug|Any CPU
		{43B5D9DD-84BD-46EC-A4AC-C22AF40D5856}.Debug|x86.Deploy.0 = Debug|Any CPU
		{43B5D9DD-84BD-46EC-A4AC-C22AF40D5856}.Release|Any CPU.ActiveCfg = Release|Any CPU
		{43B5D9DD-84BD-46EC-A4AC-C22AF40D5856}.Release|Any CPU.Build.0 = Release|Any CPU
		{43B5D9DD-84BD-46EC-A4AC-C22AF40D5856}.Release|Any CPU.Deploy.0 = Release|Any CPU
		{43B5D9DD-84BD-46EC-A4AC-C22AF40D5856}.Release|ARM.ActiveCfg = Release|Any CPU
		{43B5D9DD-84BD-46EC-A4AC-C22AF40D5856}.Release|ARM.Build.0 = Release|Any CPU
		{43B5D9DD-84BD-46EC-A4AC-C22AF40D5856}.Release|ARM.Deploy.0 = Release|Any CPU
		{43B5D9DD-84BD-46EC-A4AC-C22AF40D5856}.Release|ARM64.ActiveCfg = Release|Any CPU
		{43B5D9DD-84BD-46EC-A4AC-C22AF40D5856}.Release|ARM64.Build.0 = Release|Any CPU
		{43B5D9DD-84BD-46EC-A4AC-C22AF40D5856}.Release|ARM64.Deploy.0 = Release|Any CPU
		{43B5D9DD-84BD-46EC-A4AC-C22AF40D5856}.Release|x64.ActiveCfg = Release|Any CPU
		{43B5D9DD-84BD-46EC-A4AC-C22AF40D5856}.Release|x64.Build.0 = Release|Any CPU
		{43B5D9DD-84BD-46EC-A4AC-C22AF40D5856}.Release|x64.Deploy.0 = Release|Any CPU
		{43B5D9DD-84BD-46EC-A4AC-C22AF40D5856}.Release|x86.ActiveCfg = Release|Any CPU
		{43B5D9DD-84BD-46EC-A4AC-C22AF40D5856}.Release|x86.Build.0 = Release|Any CPU
		{43B5D9DD-84BD-46EC-A4AC-C22AF40D5856}.Release|x86.Deploy.0 = Release|Any CPU
		{9DAEE9E5-B58A-41C7-8D9A-2EEA86637E36}.Debug|Any CPU.ActiveCfg = Debug|Any CPU
		{9DAEE9E5-B58A-41C7-8D9A-2EEA86637E36}.Debug|Any CPU.Build.0 = Debug|Any CPU
		{9DAEE9E5-B58A-41C7-8D9A-2EEA86637E36}.Debug|ARM.ActiveCfg = Debug|Any CPU
		{9DAEE9E5-B58A-41C7-8D9A-2EEA86637E36}.Debug|ARM.Build.0 = Debug|Any CPU
		{9DAEE9E5-B58A-41C7-8D9A-2EEA86637E36}.Debug|ARM64.ActiveCfg = Debug|Any CPU
		{9DAEE9E5-B58A-41C7-8D9A-2EEA86637E36}.Debug|ARM64.Build.0 = Debug|Any CPU
		{9DAEE9E5-B58A-41C7-8D9A-2EEA86637E36}.Debug|x64.ActiveCfg = Debug|Any CPU
		{9DAEE9E5-B58A-41C7-8D9A-2EEA86637E36}.Debug|x64.Build.0 = Debug|Any CPU
		{9DAEE9E5-B58A-41C7-8D9A-2EEA86637E36}.Debug|x86.ActiveCfg = Debug|Any CPU
		{9DAEE9E5-B58A-41C7-8D9A-2EEA86637E36}.Debug|x86.Build.0 = Debug|Any CPU
		{9DAEE9E5-B58A-41C7-8D9A-2EEA86637E36}.Release|Any CPU.ActiveCfg = Release|Any CPU
		{9DAEE9E5-B58A-41C7-8D9A-2EEA86637E36}.Release|Any CPU.Build.0 = Release|Any CPU
		{9DAEE9E5-B58A-41C7-8D9A-2EEA86637E36}.Release|ARM.ActiveCfg = Release|Any CPU
		{9DAEE9E5-B58A-41C7-8D9A-2EEA86637E36}.Release|ARM.Build.0 = Release|Any CPU
		{9DAEE9E5-B58A-41C7-8D9A-2EEA86637E36}.Release|ARM64.ActiveCfg = Release|Any CPU
		{9DAEE9E5-B58A-41C7-8D9A-2EEA86637E36}.Release|ARM64.Build.0 = Release|Any CPU
		{9DAEE9E5-B58A-41C7-8D9A-2EEA86637E36}.Release|x64.ActiveCfg = Release|Any CPU
		{9DAEE9E5-B58A-41C7-8D9A-2EEA86637E36}.Release|x64.Build.0 = Release|Any CPU
		{9DAEE9E5-B58A-41C7-8D9A-2EEA86637E36}.Release|x86.ActiveCfg = Release|Any CPU
		{9DAEE9E5-B58A-41C7-8D9A-2EEA86637E36}.Release|x86.Build.0 = Release|Any CPU
		{4754BBBD-8592-4098-A7A4-603C83CFE43E}.Debug|Any CPU.ActiveCfg = Debug|Any CPU
		{4754BBBD-8592-4098-A7A4-603C83CFE43E}.Debug|Any CPU.Build.0 = Debug|Any CPU
		{4754BBBD-8592-4098-A7A4-603C83CFE43E}.Debug|ARM.ActiveCfg = Debug|Any CPU
		{4754BBBD-8592-4098-A7A4-603C83CFE43E}.Debug|ARM.Build.0 = Debug|Any CPU
		{4754BBBD-8592-4098-A7A4-603C83CFE43E}.Debug|ARM64.ActiveCfg = Debug|Any CPU
		{4754BBBD-8592-4098-A7A4-603C83CFE43E}.Debug|ARM64.Build.0 = Debug|Any CPU
		{4754BBBD-8592-4098-A7A4-603C83CFE43E}.Debug|x64.ActiveCfg = Debug|Any CPU
		{4754BBBD-8592-4098-A7A4-603C83CFE43E}.Debug|x64.Build.0 = Debug|Any CPU
		{4754BBBD-8592-4098-A7A4-603C83CFE43E}.Debug|x86.ActiveCfg = Debug|Any CPU
		{4754BBBD-8592-4098-A7A4-603C83CFE43E}.Debug|x86.Build.0 = Debug|Any CPU
		{4754BBBD-8592-4098-A7A4-603C83CFE43E}.Release|Any CPU.ActiveCfg = Release|Any CPU
		{4754BBBD-8592-4098-A7A4-603C83CFE43E}.Release|Any CPU.Build.0 = Release|Any CPU
		{4754BBBD-8592-4098-A7A4-603C83CFE43E}.Release|ARM.ActiveCfg = Release|Any CPU
		{4754BBBD-8592-4098-A7A4-603C83CFE43E}.Release|ARM.Build.0 = Release|Any CPU
		{4754BBBD-8592-4098-A7A4-603C83CFE43E}.Release|ARM64.ActiveCfg = Release|Any CPU
		{4754BBBD-8592-4098-A7A4-603C83CFE43E}.Release|ARM64.Build.0 = Release|Any CPU
		{4754BBBD-8592-4098-A7A4-603C83CFE43E}.Release|x64.ActiveCfg = Release|Any CPU
		{4754BBBD-8592-4098-A7A4-603C83CFE43E}.Release|x64.Build.0 = Release|Any CPU
		{4754BBBD-8592-4098-A7A4-603C83CFE43E}.Release|x86.ActiveCfg = Release|Any CPU
		{4754BBBD-8592-4098-A7A4-603C83CFE43E}.Release|x86.Build.0 = Release|Any CPU
		{0EAAA877-5CE2-4E0B-B9CC-FF5B320E8A57}.Debug|Any CPU.ActiveCfg = Debug|Any CPU
		{0EAAA877-5CE2-4E0B-B9CC-FF5B320E8A57}.Debug|Any CPU.Build.0 = Debug|Any CPU
		{0EAAA877-5CE2-4E0B-B9CC-FF5B320E8A57}.Debug|ARM.ActiveCfg = Debug|Any CPU
		{0EAAA877-5CE2-4E0B-B9CC-FF5B320E8A57}.Debug|ARM.Build.0 = Debug|Any CPU
		{0EAAA877-5CE2-4E0B-B9CC-FF5B320E8A57}.Debug|ARM64.ActiveCfg = Debug|Any CPU
		{0EAAA877-5CE2-4E0B-B9CC-FF5B320E8A57}.Debug|ARM64.Build.0 = Debug|Any CPU
		{0EAAA877-5CE2-4E0B-B9CC-FF5B320E8A57}.Debug|x64.ActiveCfg = Debug|Any CPU
		{0EAAA877-5CE2-4E0B-B9CC-FF5B320E8A57}.Debug|x64.Build.0 = Debug|Any CPU
		{0EAAA877-5CE2-4E0B-B9CC-FF5B320E8A57}.Debug|x86.ActiveCfg = Debug|Any CPU
		{0EAAA877-5CE2-4E0B-B9CC-FF5B320E8A57}.Debug|x86.Build.0 = Debug|Any CPU
		{0EAAA877-5CE2-4E0B-B9CC-FF5B320E8A57}.Release|Any CPU.ActiveCfg = Release|Any CPU
		{0EAAA877-5CE2-4E0B-B9CC-FF5B320E8A57}.Release|Any CPU.Build.0 = Release|Any CPU
		{0EAAA877-5CE2-4E0B-B9CC-FF5B320E8A57}.Release|ARM.ActiveCfg = Release|Any CPU
		{0EAAA877-5CE2-4E0B-B9CC-FF5B320E8A57}.Release|ARM.Build.0 = Release|Any CPU
		{0EAAA877-5CE2-4E0B-B9CC-FF5B320E8A57}.Release|ARM64.ActiveCfg = Release|Any CPU
		{0EAAA877-5CE2-4E0B-B9CC-FF5B320E8A57}.Release|ARM64.Build.0 = Release|Any CPU
		{0EAAA877-5CE2-4E0B-B9CC-FF5B320E8A57}.Release|x64.ActiveCfg = Release|Any CPU
		{0EAAA877-5CE2-4E0B-B9CC-FF5B320E8A57}.Release|x64.Build.0 = Release|Any CPU
		{0EAAA877-5CE2-4E0B-B9CC-FF5B320E8A57}.Release|x86.ActiveCfg = Release|Any CPU
		{0EAAA877-5CE2-4E0B-B9CC-FF5B320E8A57}.Release|x86.Build.0 = Release|Any CPU
	EndGlobalSection
	GlobalSection(SolutionProperties) = preSolution
		HideSolutionNode = FALSE
	EndGlobalSection
	GlobalSection(NestedProjects) = preSolution
		{4754BBBD-8592-4098-A7A4-603C83CFE43E} = {A7090388-E048-448F-BD68-060266D2B2D8}
	EndGlobalSection
	GlobalSection(ExtensibilityGlobals) = postSolution
		SolutionGuid = {5A439656-3DAB-4073-A55D-F7B1A606D33F}
	EndGlobalSection
EndGlobal
